
Microsoft Visual Studio Solution File, Format Version 12.00
# Visual Studio Version 16
VisualStudioVersion = 16.0.30406.217
MinimumVisualStudioVersion = 10.0.40219.1
Project("{FAE04EC0-301F-11D3-BF4B-00C04F79EFBC}") = "EsepteSite", "EsepteSite\EsepteSite.csproj", "{53A51458-ABF8-4532-89AF-6751B6BE5108}"
EndProject
Global
	GlobalSection(SolutionConfigurationPlatforms) = preSolution
		Debug|Any CPU = Debug|Any CPU
		Release|Any CPU = Release|Any CPU
	EndGlobalSection
	GlobalSection(ProjectConfigurationPlatforms) = postSolution
		{53A51458-ABF8-4532-89AF-6751B6BE5108}.Debug|Any CPU.ActiveCfg = Debug|Any CPU
		{53A51458-ABF8-4532-89AF-6751B6BE5108}.Debug|Any CPU.Build.0 = Debug|Any CPU
		{53A51458-ABF8-4532-89AF-6751B6BE5108}.Release|Any CPU.ActiveCfg = Release|Any CPU
		{53A51458-ABF8-4532-89AF-6751B6BE5108}.Release|Any CPU.Build.0 = Release|Any CPU
	EndGlobalSection
	GlobalSection(SolutionProperties) = preSolution
		HideSolutionNode = FALSE
	EndGlobalSection
	GlobalSection(ExtensibilityGlobals) = postSolution
		SolutionGuid = {9F5F7589-674D-445C-8BEC-471753C4AD26}
	EndGlobalSection
EndGlobal
